
Microsoft Visual Studio Solution File, Format Version 12.00
# Visual Studio 2013
VisualStudioVersion = 12.0.31101.0
MinimumVisualStudioVersion = 10.0.40219.1
Project("{D2ABAB84-BF74-430A-B69E-9DC6D40DDA17}") = "SlicingDicingSSASDBsDiff", "SlicingDicingSSASDBsDiff.dwproj", "{8B105D22-EE54-4861-A834-156AD33D1844}"
EndProject
Global
	GlobalSection(SolutionConfigurationPlatforms) = preSolution
		Development|Default = Development|Default
	EndGlobalSection
	GlobalSection(ProjectConfigurationPlatforms) = postSolution
		{8B105D22-EE54-4861-A834-156AD33D1844}.Development|Default.ActiveCfg = Development
		{8B105D22-EE54-4861-A834-156AD33D1844}.Development|Default.Build.0 = Development
		{8B105D22-EE54-4861-A834-156AD33D1844}.Development|Default.Deploy.0 = Development
	EndGlobalSection
	GlobalSection(SolutionProperties) = preSolution
		HideSolutionNode = FALSE
	EndGlobalSection
EndGlobal
